
Microsoft Visual Studio Solution File, Format Version 12.00
# Visual Studio 15
VisualStudioVersion = 15.0.27703.2047
MinimumVisualStudioVersion = 10.0.40219.1
Project("{FAE04EC0-301F-11D3-BF4B-00C04F79EFBC}") = "Method Practice", "Method Practice\Method Practice.csproj", "{3C6A8916-3EE9-469D-9716-9705486AEF5E}"
EndProject
Global
	GlobalSection(SolutionConfigurationPlatforms) = preSolution
		Debug|Any CPU = Debug|Any CPU
		Release|Any CPU = Release|Any CPU
	EndGlobalSection
	GlobalSection(ProjectConfigurationPlatforms) = postSolution
		{3C6A8916-3EE9-469D-9716-9705486AEF5E}.Debug|Any CPU.ActiveCfg = Debug|Any CPU
		{3C6A8916-3EE9-469D-9716-9705486AEF5E}.Debug|Any CPU.Build.0 = Debug|Any CPU
		{3C6A8916-3EE9-469D-9716-9705486AEF5E}.Release|Any CPU.ActiveCfg = Release|Any CPU
		{3C6A8916-3EE9-469D-9716-9705486AEF5E}.Release|Any CPU.Build.0 = Release|Any CPU
	EndGlobalSection
	GlobalSection(SolutionProperties) = preSolution
		HideSolutionNode = FALSE
	EndGlobalSection
	GlobalSection(ExtensibilityGlobals) = postSolution
		SolutionGuid = {C003FE6B-46B4-44C7-B9FB-BD1088AA8F40}
	EndGlobalSection
EndGlobal
